# THIS IS AN AUTOGENERATED FILE. DO NOT EDIT THIS FILE DIRECTLY.
# yarn lockfile v1


"@types/estree@0.0.39":
  version "0.0.39"
  resolved "https://registry.yarnpkg.com/@types/estree/-/estree-0.0.39.tgz#e177e699ee1b8c22d23174caaa7422644389509f"
  integrity sha512-EYNwp3bU+98cpU4lAWYYL7Zz+2gryWH1qbdDTidVd6hkiR6weksdbMadyXKXNPEkQFhXM+hVO9ZygomHXp+AIw==

"@types/node@*":
  version "20.4.2"
  resolved "https://registry.yarnpkg.com/@types/node/-/node-20.4.2.tgz#129cc9ae69f93824f92fac653eebfb4812ab4af9"
  integrity sha512-Dd0BYtWgnWJKwO1jkmTrzofjK2QXXcai0dmtzvIBhcA+RsG5h8R3xlyta0kGOZRNfL9GuRtb1knmPEhQrePCEw==

acorn@^6.0.5:
  version "6.4.2"
  resolved "https://registry.yarnpkg.com/acorn/-/acorn-6.4.2.tgz#35866fd710528e92de10cf06016498e47e39e1e6"
  integrity sha512-XtGIhXwF8YM8bJhGxG5kXgjkEuNGLTkoYqVE+KMR+aspr4KGYmKYg7yUe3KghyQ9yheNwLnjmzh/7+gfDBmHCQ==

apparatus-generator@^1.6.5:
  version "1.6.5"
  resolved "https://registry.yarnpkg.com/apparatus-generator/-/apparatus-generator-1.6.5.tgz#1c6f57274115f7754b52b58f1b2554c7507620e0"
  integrity sha512-MM3LL+oADu+ZPMfE65GCbypmESFR+jJaesZHjpJNFm8C9pb6oH2huPCM/7OR4hPsATzEpABb17C9PI+Yo3TOUQ==
  dependencies:
    seed-random "^2.2.0"

builtin-modules@^3.0.0:
  version "3.3.0"
  resolved "https://registry.yarnpkg.com/builtin-modules/-/builtin-modules-3.3.0.tgz#cae62812b89801e9656336e46223e030386be7b6"
  integrity sha512-zhaCDicdLuWN5UbN5IMnFqNMhNfo919sH85y2/ea+5Yg9TsTkeZxpL+JLbp6cgYFS4sRLp3YV4S6yDuqVWHYOw==

chromotome@^1.19.1:
  version "1.20.0"
  resolved "https://registry.yarnpkg.com/chromotome/-/chromotome-1.20.0.tgz#b72c676fb7117c7e573dacf210044afdd3f6a22f"
  integrity sha512-lxY3AwgdJZFbsq/8cAwQ6lzqPIUuj3uztWpQEfJ1fgEtCtjsvDD6Pp/sg1J5Mau+91nPxF0VH/UhV5CmYsBqDw==

dat.gui@^0.7.7:
  version "0.7.9"
  resolved "https://registry.yarnpkg.com/dat.gui/-/dat.gui-0.7.9.tgz#860cab06053b028e327820eabdf25a13cf07b17e"
  integrity sha512-sCNc1OHobc+Erc1HqiswYgHdVNpSJUlk/Hz8vzOCsER7rl+oF/4+v8GXFUyCgtXpoCX6+bnmg07DedLvBLwYKQ==

estree-walker@^0.5.2:
  version "0.5.2"
  resolved "https://registry.yarnpkg.com/estree-walker/-/estree-walker-0.5.2.tgz#d3850be7529c9580d815600b53126515e146dd39"
  integrity sha512-XpCnW/AE10ws/kDAs37cngSkvgIR8aN3G0MS85m7dUpuK2EREo9VJ00uvw6Dg/hXEpfsE1I1TvJOJr+Z+TL+ig==

estree-walker@^0.6.1:
  version "0.6.1"
  resolved "https://registry.yarnpkg.com/estree-walker/-/estree-walker-0.6.1.tgz#53049143f40c6eb918b23671d1fe3219f3a1b362"
  integrity sha512-SqmZANLWS0mnatqbSfRP5g8OXZC12Fgg1IwNtLsyHDzJizORW4khDfjPqJZsemPWBB2uqykUah5YpQ6epsqC/w==

function-bind@^1.1.1:
  version "1.1.1"
  resolved "https://registry.yarnpkg.com/function-bind/-/function-bind-1.1.1.tgz#a56899d3ea3c9bab874bb9773b7c5ede92f4895d"
  integrity sha512-yIovAzMX49sF8Yl58fSCWJ5svSLuaibPxXQJFLmBObTuCr0Mf1KiPopGM9NiFjiYBCbfaa2Fh6breQ6ANVTI0A==

has@^1.0.3:
  version "1.0.3"
  resolved "https://registry.yarnpkg.com/has/-/has-1.0.3.tgz#722d7cbfc1f6aa8241f16dd814e011e1f41e8796"
  integrity sha512-f2dvO0VU6Oej7RkWJGrehjbzMAjFp5/VKPp5tTpWIV4JHHZK1/BxbFRtf/siA2SWTe09caDmVtYYzWEIbBS4zw==
  dependencies:
    function-bind "^1.1.1"

is-core-module@^2.11.0:
  version "2.12.1"
  resolved "https://registry.yarnpkg.com/is-core-module/-/is-core-module-2.12.1.tgz#0c0b6885b6f80011c71541ce15c8d66cf5a4f9fd"
  integrity sha512-Q4ZuBAe2FUsKtyQJoQHlvP8OvBERxO3jEmy1I7hcRXcJBGGHFh/aJBswbXuS9sgrDH2QUO8ilkwNPHvHMd8clg==
  dependencies:
    has "^1.0.3"

is-module@^1.0.0:
  version "1.0.0"
  resolved "https://registry.yarnpkg.com/is-module/-/is-module-1.0.0.tgz#3258fb69f78c14d5b815d664336b4cffb6441591"
  integrity sha512-51ypPSPCoTEIN9dy5Oy+h4pShgJmPCygKfyRCISBI+JoWT/2oJvK8QPxmwv7b/p239jXrm9M1mlQbyKJ5A152g==

justeer@^1.1.0:
  version "1.1.3"
  resolved "https://registry.yarnpkg.com/justeer/-/justeer-1.1.3.tgz#4eaefe3c477d934b5ea861c0cc367ec15772a0c1"
  integrity sha512-6V6FeRLE44pZQyo78yuI0wLC+h0Rro6Mz93at1iJCFI3cUGPt5k4E9iF6pld4MAAMCVEZv1pZF5V4EBnNDAOZg==

magic-string@^0.25.1:
  version "0.25.9"
  resolved "https://registry.yarnpkg.com/magic-string/-/magic-string-0.25.9.tgz#de7f9faf91ef8a1c91d02c2e5314c8277dbcdd1c"
  integrity sha512-RmF0AsMzgt25qzqqLc1+MbHmhdx0ojF2Fvs4XnOqz2ZOBXzzkEwc/dJQZCYHAn7v1jbVOjAZfK8msRn4BxO4VQ==
  dependencies:
    sourcemap-codec "^1.4.8"

path-parse@^1.0.7:
  version "1.0.7"
  resolved "https://registry.yarnpkg.com/path-parse/-/path-parse-1.0.7.tgz#fbc114b60ca42b30d9daf5858e4bd68bbedb6735"
  integrity sha512-LDJzPVEEEPR+y48z93A0Ed0yXb8pAByGWo/k5YYdYgpY2/2EsOsksJrq7lOHxryrVOn1ejG6oAp8ahvOIQD8sw==

resolve@^1.8.1:
  version "1.22.2"
  resolved "https://registry.yarnpkg.com/resolve/-/resolve-1.22.2.tgz#0ed0943d4e301867955766c9f3e1ae6d01c6845f"
  integrity sha512-Sb+mjNHOULsBv818T40qSPeRiuWLyaGMa5ewydRLFimneixmVy2zdivRl+AF6jaYPC8ERxGDmFSiqui6SfPd+g==
  dependencies:
    is-core-module "^2.11.0"
    path-parse "^1.0.7"
    supports-preserve-symlinks-flag "^1.0.0"

rollup-plugin-commonjs@9.2.0:
  version "9.2.0"
  resolved "https://registry.yarnpkg.com/rollup-plugin-commonjs/-/rollup-plugin-commonjs-9.2.0.tgz#4604e25069e0c78a09e08faa95dc32dec27f7c89"
  integrity sha512-0RM5U4Vd6iHjL6rLvr3lKBwnPsaVml+qxOGaaNUWN1lSq6S33KhITOfHmvxV3z2vy9Mk4t0g4rNlVaJJsNQPWA==
  dependencies:
    estree-walker "^0.5.2"
    magic-string "^0.25.1"
    resolve "^1.8.1"
    rollup-pluginutils "^2.3.3"

rollup-plugin-node-resolve@4.0.0:
  version "4.0.0"
  resolved "https://registry.yarnpkg.com/rollup-plugin-node-resolve/-/rollup-plugin-node-resolve-4.0.0.tgz#9bc6b8205e9936cc0e26bba2415f1ecf1e64d9b2"
  integrity sha512-7Ni+/M5RPSUBfUaP9alwYQiIKnKeXCOHiqBpKUl9kwp3jX5ZJtgXAait1cne6pGEVUUztPD6skIKH9Kq9sNtfw==
  dependencies:
    builtin-modules "^3.0.0"
    is-module "^1.0.0"
    resolve "^1.8.1"

rollup-pluginutils@^2.3.3:
  version "2.8.2"
  resolved "https://registry.yarnpkg.com/rollup-pluginutils/-/rollup-pluginutils-2.8.2.tgz#72f2af0748b592364dbd3389e600e5a9444a351e"
  integrity sha512-EEp9NhnUkwY8aif6bxgovPHMoMoNr2FulJziTndpt5H9RdwC47GSGuII9XxpSdzVGM0GWrNPHV6ie1LTNJPaLQ==
  dependencies:
    estree-walker "^0.6.1"

rollup@1.1.2:
  version "1.1.2"
  resolved "https://registry.yarnpkg.com/rollup/-/rollup-1.1.2.tgz#8d094b85683b810d0c05a16bd7618cf70d48eba7"
  integrity sha512-OkdMxqMl8pWoQc5D8y1cIinYQPPLV8ZkfLgCzL6SytXeNA2P7UHynEQXI9tYxuAjAMsSyvRaWnyJDLHMxq0XAg==
  dependencies:
    "@types/estree" "0.0.39"
    "@types/node" "*"
    acorn "^6.0.5"

seed-random@^2.2.0:
  version "2.2.0"
  resolved "https://registry.yarnpkg.com/seed-random/-/seed-random-2.2.0.tgz#2a9b19e250a817099231a5b99a4daf80b7fbed54"
  integrity sha512-34EQV6AAHQGhoc0tn/96a9Fsi6v2xdqe/dMUwljGRaFOzR3EgRmECvD0O8vi8X+/uQ50LGHfkNu/Eue5TPKZkQ==

simplex-noise@^2.4.0:
  version "2.4.0"
  resolved "https://registry.yarnpkg.com/simplex-noise/-/simplex-noise-2.4.0.tgz#81b3458fb22dccc3bc8dd9a977c73797f86f523a"
  integrity sha512-OjyDWm/QZjVbMrPxDVi9b2as+SeNn9EBXlrWVRlFW+TSyWMSXouDryXkQN0vf5YP+QZKobrmkvx1eQYPLtuqfw==

sourcemap-codec@^1.4.8:
  version "1.4.8"
  resolved "https://registry.yarnpkg.com/sourcemap-codec/-/sourcemap-codec-1.4.8.tgz#ea804bd94857402e6992d05a38ef1ae35a9ab4c4"
  integrity sha512-9NykojV5Uih4lgo5So5dtw+f0JgJX30KCNI8gwhz2J9A15wD0Ml6tjHKwf6fTSa6fAdVBdZeNOs9eJ71qCk8vA==

supports-preserve-symlinks-flag@^1.0.0:
  version "1.0.0"
  resolved "https://registry.yarnpkg.com/supports-preserve-symlinks-flag/-/supports-preserve-symlinks-flag-1.0.0.tgz#6eda4bd344a3c94aea376d4cc31bc77311039e09"
  integrity sha512-ot0WnXS9fgdkgIcePe6RHNk1WA8+muPa6cSjeR3V8K27q9BB1rTE3R1p7Hv0z1ZyAc8s6Vvv8DIyWf681MAt0w==
